
Microsoft Visual Studio Solution File, Format Version 12.00
# Visual Studio 15
VisualStudioVersion = 15.0.26124.0
MinimumVisualStudioVersion = 15.0.26124.0
Project("{9A19103F-16F7-4668-BE54-9A1E7A4F7556}") = "InitializrApi", "InitializrApi.csproj", "{FE01A64F-E44D-4EDC-B9A0-B33521D5A254}"
EndProject
Global
	GlobalSection(SolutionConfigurationPlatforms) = preSolution
		Debug|Any CPU = Debug|Any CPU
		Debug|x64 = Debug|x64
		Debug|x86 = Debug|x86
		Release|Any CPU = Release|Any CPU
		Release|x64 = Release|x64
		Release|x86 = Release|x86
	EndGlobalSection
	GlobalSection(ProjectConfigurationPlatforms) = postSolution
		{FE01A64F-E44D-4EDC-B9A0-B33521D5A254}.Debug|Any CPU.ActiveCfg = Debug|Any CPU
		{FE01A64F-E44D-4EDC-B9A0-B33521D5A254}.Debug|Any CPU.Build.0 = Debug|Any CPU
		{FE01A64F-E44D-4EDC-B9A0-B33521D5A254}.Debug|x64.ActiveCfg = Debug|Any CPU
		{FE01A64F-E44D-4EDC-B9A0-B33521D5A254}.Debug|x64.Build.0 = Debug|Any CPU
		{FE01A64F-E44D-4EDC-B9A0-B33521D5A254}.Debug|x86.ActiveCfg = Debug|Any CPU
		{FE01A64F-E44D-4EDC-B9A0-B33521D5A254}.Debug|x86.Build.0 = Debug|Any CPU
		{FE01A64F-E44D-4EDC-B9A0-B33521D5A254}.Release|Any CPU.ActiveCfg = Release|Any CPU
		{FE01A64F-E44D-4EDC-B9A0-B33521D5A254}.Release|Any CPU.Build.0 = Release|Any CPU
		{FE01A64F-E44D-4EDC-B9A0-B33521D5A254}.Release|x64.ActiveCfg = Release|Any CPU
		{FE01A64F-E44D-4EDC-B9A0-B33521D5A254}.Release|x64.Build.0 = Release|Any CPU
		{FE01A64F-E44D-4EDC-B9A0-B33521D5A254}.Release|x86.ActiveCfg = Release|Any CPU
		{FE01A64F-E44D-4EDC-B9A0-B33521D5A254}.Release|x86.Build.0 = Release|Any CPU
	EndGlobalSection
	GlobalSection(SolutionProperties) = preSolution
		HideSolutionNode = FALSE
	EndGlobalSection
	GlobalSection(ExtensibilityGlobals) = postSolution
		SolutionGuid = {4100ED07-1ADA-4149-8052-C39F9402DB37}
	EndGlobalSection
EndGlobal
